// !$*UTF8*$!
{
	archiveVersion = 1;
	classes = {
	};
	objectVersion = 51;
	objects = {

/* Begin PBXBuildFile section */
		020D8527236A0F1B00094864 /* AppDelegate.swift in Sources */ = {isa = PBXBuildFile; fileRef = 020D8526236A0F1B00094864 /* AppDelegate.swift */; };
		020D8529236A0F1B00094864 /* SceneDelegate.swift in Sources */ = {isa = PBXBuildFile; fileRef = 020D8528236A0F1B00094864 /* SceneDelegate.swift */; };
		020D852B236A0F1B00094864 /* HomeView.swift in Sources */ = {isa = PBXBuildFile; fileRef = 020D852A236A0F1B00094864 /* HomeView.swift */; };
		020D852E236A0F1B00094864 /* Home.storyboard in Resources */ = {isa = PBXBuildFile; fileRef = 020D852C236A0F1B00094864 /* Home.storyboard */; };
		020D8530236A0F1D00094864 /* Assets.xcassets in Resources */ = {isa = PBXBuildFile; fileRef = 020D852F236A0F1D00094864 /* Assets.xcassets */; };
		020D8533236A0F1D00094864 /* LaunchScreen.storyboard in Resources */ = {isa = PBXBuildFile; fileRef = 020D8531236A0F1D00094864 /* LaunchScreen.storyboard */; };
		020D855B236A128900094864 /* TagsResponse.swift in Sources */ = {isa = PBXBuildFile; fileRef = 020D855A236A128900094864 /* TagsResponse.swift */; };
		020D855D236A12E200094864 /* ItemsResponse.swift in Sources */ = {isa = PBXBuildFile; fileRef = 020D855C236A12E200094864 /* ItemsResponse.swift */; };
		020D8560236A137200094864 /* NetworkManager.swift in Sources */ = {isa = PBXBuildFile; fileRef = 020D855F236A137200094864 /* NetworkManager.swift */; };
		02184FE6236ACEEB000230BB /* DataBaseManager.swift in Sources */ = {isa = PBXBuildFile; fileRef = 02184FE5236ACEEB000230BB /* DataBaseManager.swift */; };
		02184FE8236ADD4D000230BB /* StoredTags.swift in Sources */ = {isa = PBXBuildFile; fileRef = 02184FE7236ADD4D000230BB /* StoredTags.swift */; };
		02563B6E236C782200CE1E84 /* UIImage + extensions.swift in Sources */ = {isa = PBXBuildFile; fileRef = 02563B6D236C782200CE1E84 /* UIImage + extensions.swift */; };
		02563B71236C7ADE00CE1E84 /* UIViewController + extensions.swift in Sources */ = {isa = PBXBuildFile; fileRef = 02563B70236C7ADE00CE1E84 /* UIViewController + extensions.swift */; };
		02563B73236C8DB000CE1E84 /* String + extensions.swift in Sources */ = {isa = PBXBuildFile; fileRef = 02563B72236C8DAF00CE1E84 /* String + extensions.swift */; };
		029E3905236A3E97004DF7B2 /* EndPoint.swift in Sources */ = {isa = PBXBuildFile; fileRef = 029E3904236A3E97004DF7B2 /* EndPoint.swift */; };
		029E3907236A3ED1004DF7B2 /* TagsEndPoint.swift in Sources */ = {isa = PBXBuildFile; fileRef = 029E3906236A3ED1004DF7B2 /* TagsEndPoint.swift */; };
		029E3909236A3EF1004DF7B2 /* ItemsEndPoint.swift in Sources */ = {isa = PBXBuildFile; fileRef = 029E3908236A3EF1004DF7B2 /* ItemsEndPoint.swift */; };
		029E390B236A3F18004DF7B2 /* APIError.swift in Sources */ = {isa = PBXBuildFile; fileRef = 029E390A236A3F18004DF7B2 /* APIError.swift */; };
		029E390E236A4DB9004DF7B2 /* MenuRepo.swift in Sources */ = {isa = PBXBuildFile; fileRef = 029E390D236A4DB9004DF7B2 /* MenuRepo.swift */; };
		02D587F0236CB4FD00045289 /* ItemsView.swift in Sources */ = {isa = PBXBuildFile; fileRef = 02D587EF236CB4FD00045289 /* ItemsView.swift */; };
		02D587F3236CB52F00045289 /* ItemCell.swift in Sources */ = {isa = PBXBuildFile; fileRef = 02D587F2236CB52F00045289 /* ItemCell.swift */; };
		02D587F5236CB53E00045289 /* ItemsPresenter.swift in Sources */ = {isa = PBXBuildFile; fileRef = 02D587F4236CB53E00045289 /* ItemsPresenter.swift */; };
		02D587F7236CB54A00045289 /* ItemsInteractor.swift in Sources */ = {isa = PBXBuildFile; fileRef = 02D587F6236CB54A00045289 /* ItemsInteractor.swift */; };
		02D587FA236CB5CD00045289 /* Items.storyboard in Resources */ = {isa = PBXBuildFile; fileRef = 02D587F9236CB5CD00045289 /* Items.storyboard */; };
		02D587FC236CB60C00045289 /* Tags.storyboard in Resources */ = {isa = PBXBuildFile; fileRef = 02D587FB236CB60C00045289 /* Tags.storyboard */; };
		02E6ED7D236C245600B41D85 /* StoredItems.swift in Sources */ = {isa = PBXBuildFile; fileRef = 02E6ED7C236C245600B41D85 /* StoredItems.swift */; };
		02E6ED81236C24B400B41D85 /* Items.swift in Sources */ = {isa = PBXBuildFile; fileRef = 02E6ED80236C24B400B41D85 /* Items.swift */; };
		02E6ED83236C24C300B41D85 /* Tags.swift in Sources */ = {isa = PBXBuildFile; fileRef = 02E6ED82236C24C300B41D85 /* Tags.swift */; };
		02EC8338236C4EB600902017 /* TagsView.swift in Sources */ = {isa = PBXBuildFile; fileRef = 02EC8337236C4EB600902017 /* TagsView.swift */; };
		02EC833A236C4F7400902017 /* TagsInteractor.swift in Sources */ = {isa = PBXBuildFile; fileRef = 02EC8339236C4F7400902017 /* TagsInteractor.swift */; };
		02EC833C236C4F8300902017 /* TagsPresenter.swift in Sources */ = {isa = PBXBuildFile; fileRef = 02EC833B236C4F8300902017 /* TagsPresenter.swift */; };
		02EC833F236C514D00902017 /* TagCell.swift in Sources */ = {isa = PBXBuildFile; fileRef = 02EC833E236C514D00902017 /* TagCell.swift */; };
		6236B0B2AF0D7A40883EF5DE /* Pods_MiniMenu.framework in Frameworks */ = {isa = PBXBuildFile; fileRef = 8DD8F529F8956777C52BEF6F /* Pods_MiniMenu.framework */; };
/* End PBXBuildFile section */

/* Begin PBXFileReference section */
		020D8523236A0F1B00094864 /* MiniMenu.app */ = {isa = PBXFileReference; explicitFileType = wrapper.application; includeInIndex = 0; path = MiniMenu.app; sourceTree = BUILT_PRODUCTS_DIR; };
		020D8526236A0F1B00094864 /* AppDelegate.swift */ = {isa = PBXFileReference; lastKnownFileType = sourcecode.swift; path = AppDelegate.swift; sourceTree = "<group>"; };
		020D8528236A0F1B00094864 /* SceneDelegate.swift */ = {isa = PBXFileReference; lastKnownFileType = sourcecode.swift; path = SceneDelegate.swift; sourceTree = "<group>"; };
		020D852A236A0F1B00094864 /* HomeView.swift */ = {isa = PBXFileReference; lastKnownFileType = sourcecode.swift; path = HomeView.swift; sourceTree = "<group>"; };
		020D852D236A0F1B00094864 /* Base */ = {isa = PBXFileReference; lastKnownFileType = file.storyboard; name = Base; path = Base.lproj/Home.storyboard; sourceTree = "<group>"; };
		020D852F236A0F1D00094864 /* Assets.xcassets */ = {isa = PBXFileReference; lastKnownFileType = folder.assetcatalog; path = Assets.xcassets; sourceTree = "<group>"; };
		020D8532236A0F1D00094864 /* Base */ = {isa = PBXFileReference; lastKnownFileType = file.storyboard; name = Base; path = Base.lproj/LaunchScreen.storyboard; sourceTree = "<group>"; };
		020D8534236A0F1D00094864 /* Info.plist */ = {isa = PBXFileReference; lastKnownFileType = text.plist.xml; path = Info.plist; sourceTree = "<group>"; };
		020D855A236A128900094864 /* TagsResponse.swift */ = {isa = PBXFileReference; lastKnownFileType = sourcecode.swift; path = TagsResponse.swift; sourceTree = "<group>"; };
		020D855C236A12E200094864 /* ItemsResponse.swift */ = {isa = PBXFileReference; lastKnownFileType = sourcecode.swift; path = ItemsResponse.swift; sourceTree = "<group>"; };
		020D855F236A137200094864 /* NetworkManager.swift */ = {isa = PBXFileReference; lastKnownFileType = sourcecode.swift; path = NetworkManager.swift; sourceTree = "<group>"; };
		02184FE5236ACEEB000230BB /* DataBaseManager.swift */ = {isa = PBXFileReference; lastKnownFileType = sourcecode.swift; path = DataBaseManager.swift; sourceTree = "<group>"; };
		02184FE7236ADD4D000230BB /* StoredTags.swift */ = {isa = PBXFileReference; lastKnownFileType = sourcecode.swift; path = StoredTags.swift; sourceTree = "<group>"; };
		02563B6D236C782200CE1E84 /* UIImage + extensions.swift */ = {isa = PBXFileReference; lastKnownFileType = sourcecode.swift; path = "UIImage + extensions.swift"; sourceTree = "<group>"; };
		02563B70236C7ADE00CE1E84 /* UIViewController + extensions.swift */ = {isa = PBXFileReference; lastKnownFileType = sourcecode.swift; path = "UIViewController + extensions.swift"; sourceTree = "<group>"; };
		02563B72236C8DAF00CE1E84 /* String + extensions.swift */ = {isa = PBXFileReference; lastKnownFileType = sourcecode.swift; path = "String + extensions.swift"; sourceTree = "<group>"; };
		029E3904236A3E97004DF7B2 /* EndPoint.swift */ = {isa = PBXFileReference; lastKnownFileType = sourcecode.swift; path = EndPoint.swift; sourceTree = "<group>"; };
		029E3906236A3ED1004DF7B2 /* TagsEndPoint.swift */ = {isa = PBXFileReference; lastKnownFileType = sourcecode.swift; path = TagsEndPoint.swift; sourceTree = "<group>"; };
		029E3908236A3EF1004DF7B2 /* ItemsEndPoint.swift */ = {isa = PBXFileReference; lastKnownFileType = sourcecode.swift; path = ItemsEndPoint.swift; sourceTree = "<group>"; };
		029E390A236A3F18004DF7B2 /* APIError.swift */ = {isa = PBXFileReference; lastKnownFileType = sourcecode.swift; path = APIError.swift; sourceTree = "<group>"; };
		029E390D236A4DB9004DF7B2 /* MenuRepo.swift */ = {isa = PBXFileReference; lastKnownFileType = sourcecode.swift; path = MenuRepo.swift; sourceTree = "<group>"; };
		02D587EF236CB4FD00045289 /* ItemsView.swift */ = {isa = PBXFileReference; lastKnownFileType = sourcecode.swift; path = ItemsView.swift; sourceTree = "<group>"; };
		02D587F2236CB52F00045289 /* ItemCell.swift */ = {isa = PBXFileReference; lastKnownFileType = sourcecode.swift; path = ItemCell.swift; sourceTree = "<group>"; };
		02D587F4236CB53E00045289 /* ItemsPresenter.swift */ = {isa = PBXFileReference; lastKnownFileType = sourcecode.swift; path = ItemsPresenter.swift; sourceTree = "<group>"; };
		02D587F6236CB54A00045289 /* ItemsInteractor.swift */ = {isa = PBXFileReference; lastKnownFileType = sourcecode.swift; path = ItemsInteractor.swift; sourceTree = "<group>"; };
		02D587F9236CB5CD00045289 /* Items.storyboard */ = {isa = PBXFileReference; lastKnownFileType = file.storyboard; path = Items.storyboard; sourceTree = "<group>"; };
		02D587FB236CB60C00045289 /* Tags.storyboard */ = {isa = PBXFileReference; lastKnownFileType = file.storyboard; path = Tags.storyboard; sourceTree = "<group>"; };
		02E6ED7C236C245600B41D85 /* StoredItems.swift */ = {isa = PBXFileReference; lastKnownFileType = sourcecode.swift; path = StoredItems.swift; sourceTree = "<group>"; };
		02E6ED80236C24B400B41D85 /* Items.swift */ = {isa = PBXFileReference; lastKnownFileType = sourcecode.swift; path = Items.swift; sourceTree = "<group>"; };
		02E6ED82236C24C300B41D85 /* Tags.swift */ = {isa = PBXFileReference; lastKnownFileType = sourcecode.swift; path = Tags.swift; sourceTree = "<group>"; };
		02EC8337236C4EB600902017 /* TagsView.swift */ = {isa = PBXFileReference; lastKnownFileType = sourcecode.swift; path = TagsView.swift; sourceTree = "<group>"; };
		02EC8339236C4F7400902017 /* TagsInteractor.swift */ = {isa = PBXFileReference; lastKnownFileType = sourcecode.swift; path = TagsInteractor.swift; sourceTree = "<group>"; };
		02EC833B236C4F8300902017 /* TagsPresenter.swift */ = {isa = PBXFileReference; lastKnownFileType = sourcecode.swift; path = TagsPresenter.swift; sourceTree = "<group>"; };
		02EC833E236C514D00902017 /* TagCell.swift */ = {isa = PBXFileReference; lastKnownFileType = sourcecode.swift; path = TagCell.swift; sourceTree = "<group>"; };
		4246A42C50BA81D8B5B5695B /* Pods-MiniMenu.release.xcconfig */ = {isa = PBXFileReference; includeInIndex = 1; lastKnownFileType = text.xcconfig; name = "Pods-MiniMenu.release.xcconfig"; path = "Target Support Files/Pods-MiniMenu/Pods-MiniMenu.release.xcconfig"; sourceTree = "<group>"; };
		82D96286937E1D5906DAAF47 /* Pods-MiniMenu.debug.xcconfig */ = {isa = PBXFileReference; includeInIndex = 1; lastKnownFileType = text.xcconfig; name = "Pods-MiniMenu.debug.xcconfig"; path = "Target Support Files/Pods-MiniMenu/Pods-MiniMenu.debug.xcconfig"; sourceTree = "<group>"; };
		8DD8F529F8956777C52BEF6F /* Pods_MiniMenu.framework */ = {isa = PBXFileReference; explicitFileType = wrapper.framework; includeInIndex = 0; path = Pods_MiniMenu.framework; sourceTree = BUILT_PRODUCTS_DIR; };
/* End PBXFileReference section */

/* Begin PBXFrameworksBuildPhase section */
		020D8520236A0F1B00094864 /* Frameworks */ = {
			isa = PBXFrameworksBuildPhase;
			buildActionMask = 2147483647;
			files = (
				6236B0B2AF0D7A40883EF5DE /* Pods_MiniMenu.framework in Frameworks */,
			);
			runOnlyForDeploymentPostprocessing = 0;
		};
/* End PBXFrameworksBuildPhase section */

/* Begin PBXGroup section */
		020D851A236A0F1B00094864 = {
			isa = PBXGroup;
			children = (
				020D8525236A0F1B00094864 /* MiniMenu */,
				020D8524236A0F1B00094864 /* Products */,
				1876E4F5C636358D33FE4AC0 /* Pods */,
				FD2699FB1E77AB51630A929D /* Frameworks */,
			);
			sourceTree = "<group>";
		};
		020D8524236A0F1B00094864 /* Products */ = {
			isa = PBXGroup;
			children = (
				020D8523236A0F1B00094864 /* MiniMenu.app */,
			);
			name = Products;
			sourceTree = "<group>";
		};
		020D8525236A0F1B00094864 /* MiniMenu */ = {
			isa = PBXGroup;
			children = (
				020D8526236A0F1B00094864 /* AppDelegate.swift */,
				020D8528236A0F1B00094864 /* SceneDelegate.swift */,
				02563B6F236C783900CE1E84 /* Extensions */,
				0297FE71236C4543007C11B4 /* Services */,
				02D587F8236CB5B000045289 /* Modules */,
				020D852F236A0F1D00094864 /* Assets.xcassets */,
				020D8531236A0F1D00094864 /* LaunchScreen.storyboard */,
				020D8534236A0F1D00094864 /* Info.plist */,
			);
			path = MiniMenu;
			sourceTree = "<group>";
		};
		020D855E236A132200094864 /* Models */ = {
			isa = PBXGroup;
			children = (
				029E390A236A3F18004DF7B2 /* APIError.swift */,
				02E6ED7E236C247D00B41D85 /* ResponseModels */,
				02E6ED7F236C249000B41D85 /* StoredModels */,
				02E6ED84236C24CA00B41D85 /* BusinessModels */,
			);
			path = Models;
			sourceTree = "<group>";
		};
		02563B6F236C783900CE1E84 /* Extensions */ = {
			isa = PBXGroup;
			children = (
				02563B6D236C782200CE1E84 /* UIImage + extensions.swift */,
				02563B72236C8DAF00CE1E84 /* String + extensions.swift */,
				02563B70236C7ADE00CE1E84 /* UIViewController + extensions.swift */,
			);
			path = Extensions;
			sourceTree = "<group>";
		};
		0297FE71236C4543007C11B4 /* Services */ = {
			isa = PBXGroup;
			children = (
				020D855E236A132200094864 /* Models */,
				029E390C236A3F2D004DF7B2 /* EndPoints */,
				020D855F236A137200094864 /* NetworkManager.swift */,
				02184FE5236ACEEB000230BB /* DataBaseManager.swift */,
				029E390D236A4DB9004DF7B2 /* MenuRepo.swift */,
			);
			path = Services;
			sourceTree = "<group>";
		};
		029E390C236A3F2D004DF7B2 /* EndPoints */ = {
			isa = PBXGroup;
			children = (
				029E3904236A3E97004DF7B2 /* EndPoint.swift */,
				029E3906236A3ED1004DF7B2 /* TagsEndPoint.swift */,
				029E3908236A3EF1004DF7B2 /* ItemsEndPoint.swift */,
			);
			path = EndPoints;
			sourceTree = "<group>";
		};
		02D587F1236CB50200045289 /* Items */ = {
			isa = PBXGroup;
			children = (
				02D587F9236CB5CD00045289 /* Items.storyboard */,
				02D587EF236CB4FD00045289 /* ItemsView.swift */,
				02D587F6236CB54A00045289 /* ItemsInteractor.swift */,
				02D587F4236CB53E00045289 /* ItemsPresenter.swift */,
				02D587F2236CB52F00045289 /* ItemCell.swift */,
			);
			path = Items;
			sourceTree = "<group>";
		};
		02D587F8236CB5B000045289 /* Modules */ = {
			isa = PBXGroup;
			children = (
				02D587FD236CD7EF00045289 /* Home */,
				02EC833D236C510300902017 /* Tags */,
				02D587F1236CB50200045289 /* Items */,
			);
			path = Modules;
			sourceTree = "<group>";
		};
		02D587FD236CD7EF00045289 /* Home */ = {
			isa = PBXGroup;
			children = (
				020D852C236A0F1B00094864 /* Home.storyboard */,
				020D852A236A0F1B00094864 /* HomeView.swift */,
			);
			path = Home;
			sourceTree = "<group>";
		};
		02E6ED7E236C247D00B41D85 /* ResponseModels */ = {
			isa = PBXGroup;
			children = (
				020D855A236A128900094864 /* TagsResponse.swift */,
				020D855C236A12E200094864 /* ItemsResponse.swift */,
			);
			path = ResponseModels;
			sourceTree = "<group>";
		};
		02E6ED7F236C249000B41D85 /* StoredModels */ = {
			isa = PBXGroup;
			children = (
				02184FE7236ADD4D000230BB /* StoredTags.swift */,
				02E6ED7C236C245600B41D85 /* StoredItems.swift */,
			);
			path = StoredModels;
			sourceTree = "<group>";
		};
		02E6ED84236C24CA00B41D85 /* BusinessModels */ = {
			isa = PBXGroup;
			children = (
				02E6ED82236C24C300B41D85 /* Tags.swift */,
				02E6ED80236C24B400B41D85 /* Items.swift */,
			);
			path = BusinessModels;
			sourceTree = "<group>";
		};
		02EC833D236C510300902017 /* Tags */ = {
			isa = PBXGroup;
			children = (
				02D587FB236CB60C00045289 /* Tags.storyboard */,
				02EC8337236C4EB600902017 /* TagsView.swift */,
				02EC8339236C4F7400902017 /* TagsInteractor.swift */,
				02EC833B236C4F8300902017 /* TagsPresenter.swift */,
				02EC833E236C514D00902017 /* TagCell.swift */,
			);
			path = Tags;
			sourceTree = "<group>";
		};
		1876E4F5C636358D33FE4AC0 /* Pods */ = {
			isa = PBXGroup;
			children = (
				82D96286937E1D5906DAAF47 /* Pods-MiniMenu.debug.xcconfig */,
				4246A42C50BA81D8B5B5695B /* Pods-MiniMenu.release.xcconfig */,
			);
			path = Pods;
			sourceTree = "<group>";
		};
		FD2699FB1E77AB51630A929D /* Frameworks */ = {
			isa = PBXGroup;
			children = (
				8DD8F529F8956777C52BEF6F /* Pods_MiniMenu.framework */,
			);
			name = Frameworks;
			sourceTree = "<group>";
		};
/* End PBXGroup section */

/* Begin PBXNativeTarget section */
		020D8522236A0F1B00094864 /* MiniMenu */ = {
			isa = PBXNativeTarget;
			buildConfigurationList = 020D8537236A0F1D00094864 /* Build configuration list for PBXNativeTarget "MiniMenu" */;
			buildPhases = (
				8DB862CA11E5629DB4BEEB73 /* [CP] Check Pods Manifest.lock */,
				020D851F236A0F1B00094864 /* Sources */,
				020D8520236A0F1B00094864 /* Frameworks */,
				020D8521236A0F1B00094864 /* Resources */,
				D02556270E7DFD889E1F85DA /* [CP] Embed Pods Frameworks */,
			);
			buildRules = (
			);
			dependencies = (
			);
			name = MiniMenu;
			productName = MiniMenu;
			productReference = 020D8523236A0F1B00094864 /* MiniMenu.app */;
			productType = "com.apple.product-type.application";
		};
/* End PBXNativeTarget section */

/* Begin PBXProject section */
		020D851B236A0F1B00094864 /* Project object */ = {
			isa = PBXProject;
			attributes = {
				LastSwiftUpdateCheck = 1100;
				LastUpgradeCheck = 1100;
				ORGANIZATIONNAME = task;
				TargetAttributes = {
					020D8522236A0F1B00094864 = {
						CreatedOnToolsVersion = 11.0;
					};
				};
			};
			buildConfigurationList = 020D851E236A0F1B00094864 /* Build configuration list for PBXProject "MiniMenu" */;
			compatibilityVersion = "Xcode 9.3";
			developmentRegion = en;
			hasScannedForEncodings = 0;
			knownRegions = (
				en,
				Base,
			);
			mainGroup = 020D851A236A0F1B00094864;
			productRefGroup = 020D8524236A0F1B00094864 /* Products */;
			projectDirPath = "";
			projectRoot = "";
			targets = (
				020D8522236A0F1B00094864 /* MiniMenu */,
			);
		};
/* End PBXProject section */

/* Begin PBXResourcesBuildPhase section */
		020D8521236A0F1B00094864 /* Resources */ = {
			isa = PBXResourcesBuildPhase;
			buildActionMask = 2147483647;
			files = (
				020D8533236A0F1D00094864 /* LaunchScreen.storyboard in Resources */,
				02D587FC236CB60C00045289 /* Tags.storyboard in Resources */,
				02D587FA236CB5CD00045289 /* Items.storyboard in Resources */,
				020D8530236A0F1D00094864 /* Assets.xcassets in Resources */,
				020D852E236A0F1B00094864 /* Home.storyboard in Resources */,
			);
			runOnlyForDeploymentPostprocessing = 0;
		};
/* End PBXResourcesBuildPhase section */

/* Begin PBXShellScriptBuildPhase section */
		8DB862CA11E5629DB4BEEB73 /* [CP] Check Pods Manifest.lock */ = {
			isa = PBXShellScriptBuildPhase;
			buildActionMask = 2147483647;
			files = (
			);
			inputFileListPaths = (
			);
			inputPaths = (
				"${PODS_PODFILE_DIR_PATH}/Podfile.lock",
				"${PODS_ROOT}/Manifest.lock",
			);
			name = "[CP] Check Pods Manifest.lock";
			outputFileListPaths = (
			);
			outputPaths = (
				"$(DERIVED_FILE_DIR)/Pods-MiniMenu-checkManifestLockResult.txt",
			);
			runOnlyForDeploymentPostprocessing = 0;
			shellPath = /bin/sh;
			shellScript = "diff \"${PODS_PODFILE_DIR_PATH}/Podfile.lock\" \"${PODS_ROOT}/Manifest.lock\" > /dev/null\nif [ $? != 0 ] ; then\n    # print error to STDERR\n    echo \"error: The sandbox is not in sync with the Podfile.lock. Run 'pod install' or update your CocoaPods installation.\" >&2\n    exit 1\nfi\n# This output is used by Xcode 'outputs' to avoid re-running this script phase.\necho \"SUCCESS\" > \"${SCRIPT_OUTPUT_FILE_0}\"\n";
			showEnvVarsInLog = 0;
		};
		D02556270E7DFD889E1F85DA /* [CP] Embed Pods Frameworks */ = {
			isa = PBXShellScriptBuildPhase;
			buildActionMask = 2147483647;
			files = (
			);
			inputFileListPaths = (
				"${PODS_ROOT}/Target Support Files/Pods-MiniMenu/Pods-MiniMenu-frameworks-${CONFIGURATION}-input-files.xcfilelist",
			);
			name = "[CP] Embed Pods Frameworks";
			outputFileListPaths = (
				"${PODS_ROOT}/Target Support Files/Pods-MiniMenu/Pods-MiniMenu-frameworks-${CONFIGURATION}-output-files.xcfilelist",
			);
			runOnlyForDeploymentPostprocessing = 0;
			shellPath = /bin/sh;
			shellScript = "\"${PODS_ROOT}/Target Support Files/Pods-MiniMenu/Pods-MiniMenu-frameworks.sh\"\n";
			showEnvVarsInLog = 0;
		};
/* End PBXShellScriptBuildPhase section */

/* Begin PBXSourcesBuildPhase section */
		020D851F236A0F1B00094864 /* Sources */ = {
			isa = PBXSourcesBuildPhase;
			buildActionMask = 2147483647;
			files = (
				020D8560236A137200094864 /* NetworkManager.swift in Sources */,
				02E6ED81236C24B400B41D85 /* Items.swift in Sources */,
				02184FE8236ADD4D000230BB /* StoredTags.swift in Sources */,
				020D855B236A128900094864 /* TagsResponse.swift in Sources */,
				02E6ED83236C24C300B41D85 /* Tags.swift in Sources */,
				020D855D236A12E200094864 /* ItemsResponse.swift in Sources */,
				02EC8338236C4EB600902017 /* TagsView.swift in Sources */,
				02D587F0236CB4FD00045289 /* ItemsView.swift in Sources */,
				029E390B236A3F18004DF7B2 /* APIError.swift in Sources */,
				02D587F7236CB54A00045289 /* ItemsInteractor.swift in Sources */,
				02563B71236C7ADE00CE1E84 /* UIViewController + extensions.swift in Sources */,
				02184FE6236ACEEB000230BB /* DataBaseManager.swift in Sources */,
				020D852B236A0F1B00094864 /* HomeView.swift in Sources */,
				02EC833C236C4F8300902017 /* TagsPresenter.swift in Sources */,
				020D8527236A0F1B00094864 /* AppDelegate.swift in Sources */,
				02EC833F236C514D00902017 /* TagCell.swift in Sources */,
				029E3907236A3ED1004DF7B2 /* TagsEndPoint.swift in Sources */,
				02563B6E236C782200CE1E84 /* UIImage + extensions.swift in Sources */,
				02D587F5236CB53E00045289 /* ItemsPresenter.swift in Sources */,
				029E3905236A3E97004DF7B2 /* EndPoint.swift in Sources */,
				029E3909236A3EF1004DF7B2 /* ItemsEndPoint.swift in Sources */,
				02D587F3236CB52F00045289 /* ItemCell.swift in Sources */,
				02E6ED7D236C245600B41D85 /* StoredItems.swift in Sources */,
				02563B73236C8DB000CE1E84 /* String + extensions.swift in Sources */,
				029E390E236A4DB9004DF7B2 /* MenuRepo.swift in Sources */,
				020D8529236A0F1B00094864 /* SceneDelegate.swift in Sources */,
				02EC833A236C4F7400902017 /* TagsInteractor.swift in Sources */,
			);
			runOnlyForDeploymentPostprocessing = 0;
		};
/* End PBXSourcesBuildPhase section */

/* Begin PBXVariantGroup section */
		020D852C236A0F1B00094864 /* Home.storyboard */ = {
			isa = PBXVariantGroup;
			children = (
				020D852D236A0F1B00094864 /* Base */,
			);
			name = Home.storyboard;
			sourceTree = "<group>";
		};
		020D8531236A0F1D00094864 /* LaunchScreen.storyboard */ = {
			isa = PBXVariantGroup;
			children = (
				020D8532236A0F1D00094864 /* Base */,
			);
			name = LaunchScreen.storyboard;
			sourceTree = "<group>";
		};
/* End PBXVariantGroup section */

/* Begin XCBuildConfiguration section */
		020D8535236A0F1D00094864 /* Debug */ = {
			isa = XCBuildConfiguration;
			buildSettings = {
				ALWAYS_SEARCH_USER_PATHS = NO;
				CLANG_ANALYZER_NONNULL = YES;
				CLANG_ANALYZER_NUMBER_OBJECT_CONVERSION = YES_AGGRESSIVE;
				CLANG_CXX_LANGUAGE_STANDARD = "gnu++14";
				CLANG_CXX_LIBRARY = "libc++";
				CLANG_ENABLE_MODULES = YES;
				CLANG_ENABLE_OBJC_ARC = YES;
				CLANG_ENABLE_OBJC_WEAK = YES;
				CLANG_WARN_BLOCK_CAPTURE_AUTORELEASING = YES;
				CLANG_WARN_BOOL_CONVERSION = YES;
				CLANG_WARN_COMMA = YES;
				CLANG_WARN_CONSTANT_CONVERSION = YES;
				CLANG_WARN_DEPRECATED_OBJC_IMPLEMENTATIONS = YES;
				CLANG_WARN_DIRECT_OBJC_ISA_USAGE = YES_ERROR;
				CLANG_WARN_DOCUMENTATION_COMMENTS = YES;
				CLANG_WARN_EMPTY_BODY = YES;
				CLANG_WARN_ENUM_CONVERSION = YES;
				CLANG_WARN_INFINITE_RECURSION = YES;
				CLANG_WARN_INT_CONVERSION = YES;
				CLANG_WARN_NON_LITERAL_NULL_CONVERSION = YES;
				CLANG_WARN_OBJC_IMPLICIT_RETAIN_SELF = YES;
				CLANG_WARN_OBJC_LITERAL_CONVERSION = YES;
				CLANG_WARN_OBJC_ROOT_CLASS = YES_ERROR;
				CLANG_WARN_RANGE_LOOP_ANALYSIS = YES;
				CLANG_WARN_STRICT_PROTOTYPES = YES;
				CLANG_WARN_SUSPICIOUS_MOVE = YES;
				CLANG_WARN_UNGUARDED_AVAILABILITY = YES_AGGRESSIVE;
				CLANG_WARN_UNREACHABLE_CODE = YES;
				CLANG_WARN__DUPLICATE_METHOD_MATCH = YES;
				COPY_PHASE_STRIP = NO;
				DEBUG_INFORMATION_FORMAT = dwarf;
				ENABLE_STRICT_OBJC_MSGSEND = YES;
				ENABLE_TESTABILITY = YES;
				GCC_C_LANGUAGE_STANDARD = gnu11;
				GCC_DYNAMIC_NO_PIC = NO;
				GCC_NO_COMMON_BLOCKS = YES;
				GCC_OPTIMIZATION_LEVEL = 0;
				GCC_PREPROCESSOR_DEFINITIONS = (
					"DEBUG=1",
					"$(inherited)",
				);
				GCC_WARN_64_TO_32_BIT_CONVERSION = YES;
				GCC_WARN_ABOUT_RETURN_TYPE = YES_ERROR;
				GCC_WARN_UNDECLARED_SELECTOR = YES;
				GCC_WARN_UNINITIALIZED_AUTOS = YES_AGGRESSIVE;
				GCC_WARN_UNUSED_FUNCTION = YES;
				GCC_WARN_UNUSED_VARIABLE = YES;
				IPHONEOS_DEPLOYMENT_TARGET = 10.0;
				MTL_ENABLE_DEBUG_INFO = INCLUDE_SOURCE;
				MTL_FAST_MATH = YES;
				ONLY_ACTIVE_ARCH = YES;
				SDKROOT = iphoneos;
				SWIFT_ACTIVE_COMPILATION_CONDITIONS = DEBUG;
				SWIFT_OPTIMIZATION_LEVEL = "-Onone";
			};
			name = Debug;
		};
		020D8536236A0F1D00094864 /* Release */ = {
			isa = XCBuildConfiguration;
			buildSettings = {
				ALWAYS_SEARCH_USER_PATHS = NO;
				CLANG_ANALYZER_NONNULL = YES;
				CLANG_ANALYZER_NUMBER_OBJECT_CONVERSION = YES_AGGRESSIVE;
				CLANG_CXX_LANGUAGE_STANDARD = "gnu++14";
				CLANG_CXX_LIBRARY = "libc++";
				CLANG_ENABLE_MODULES = YES;
				CLANG_ENABLE_OBJC_ARC = YES;
				CLANG_ENABLE_OBJC_WEAK = YES;
				CLANG_WARN_BLOCK_CAPTURE_AUTORELEASING = YES;
				CLANG_WARN_BOOL_CONVERSION = YES;
				CLANG_WARN_COMMA = YES;
				CLANG_WARN_CONSTANT_CONVERSION = YES;
				CLANG_WARN_DEPRECATED_OBJC_IMPLEMENTATIONS = YES;
				CLANG_WARN_DIRECT_OBJC_ISA_USAGE = YES_ERROR;
				CLANG_WARN_DOCUMENTATION_COMMENTS = YES;
				CLANG_WARN_EMPTY_BODY = YES;
				CLANG_WARN_ENUM_CONVERSION = YES;
				CLANG_WARN_INFINITE_RECURSION = YES;
				CLANG_WARN_INT_CONVERSION = YES;
				CLANG_WARN_NON_LITERAL_NULL_CONVERSION = YES;
				CLANG_WARN_OBJC_IMPLICIT_RETAIN_SELF = YES;
				CLANG_WARN_OBJC_LITERAL_CONVERSION = YES;
				CLANG_WARN_OBJC_ROOT_CLASS = YES_ERROR;
				CLANG_WARN_RANGE_LOOP_ANALYSIS = YES;
				CLANG_WARN_STRICT_PROTOTYPES = YES;
				CLANG_WARN_SUSPICIOUS_MOVE = YES;
				CLANG_WARN_UNGUARDED_AVAILABILITY = YES_AGGRESSIVE;
				CLANG_WARN_UNREACHABLE_CODE = YES;
				CLANG_WARN__DUPLICATE_METHOD_MATCH = YES;
				COPY_PHASE_STRIP = NO;
				DEBUG_INFORMATION_FORMAT = "dwarf-with-dsym";
				ENABLE_NS_ASSERTIONS = NO;
				ENABLE_STRICT_OBJC_MSGSEND = YES;
				GCC_C_LANGUAGE_STANDARD = gnu11;
				GCC_NO_COMMON_BLOCKS = YES;
				GCC_WARN_64_TO_32_BIT_CONVERSION = YES;
				GCC_WARN_ABOUT_RETURN_TYPE = YES_ERROR;
				GCC_WARN_UNDECLARED_SELECTOR = YES;
				GCC_WARN_UNINITIALIZED_AUTOS = YES_AGGRESSIVE;
				GCC_WARN_UNUSED_FUNCTION = YES;
				GCC_WARN_UNUSED_VARIABLE = YES;
				IPHONEOS_DEPLOYMENT_TARGET = 10.0;
				MTL_ENABLE_DEBUG_INFO = NO;
				MTL_FAST_MATH = YES;
				SDKROOT = iphoneos;
				SWIFT_COMPILATION_MODE = wholemodule;
				SWIFT_OPTIMIZATION_LEVEL = "-O";
				VALIDATE_PRODUCT = YES;
			};
			name = Release;
		};
		020D8538236A0F1D00094864 /* Debug */ = {
			isa = XCBuildConfiguration;
			baseConfigurationReference = 82D96286937E1D5906DAAF47 /* Pods-MiniMenu.debug.xcconfig */;
			buildSettings = {
				ASSETCATALOG_COMPILER_APPICON_NAME = AppIcon;
				CODE_SIGN_STYLE = Automatic;
				DEVELOPMENT_TEAM = J7S5F5P6TC;
				INFOPLIST_FILE = MiniMenu/Info.plist;
				IPHONEOS_DEPLOYMENT_TARGET = 10.0;
				LD_RUNPATH_SEARCH_PATHS = (
					"$(inherited)",
					"@executable_path/Frameworks",
				);
				PRODUCT_BUNDLE_IDENTIFIER = com.task.MiniMenu;
				PRODUCT_NAME = "$(TARGET_NAME)";
				SWIFT_VERSION = 5.0;
				TARGETED_DEVICE_FAMILY = 1;
			};
			name = Debug;
		};
		020D8539236A0F1D00094864 /* Release */ = {
			isa = XCBuildConfiguration;
			baseConfigurationReference = 4246A42C50BA81D8B5B5695B /* Pods-MiniMenu.release.xcconfig */;
			buildSettings = {
				ASSETCATALOG_COMPILER_APPICON_NAME = AppIcon;
				CODE_SIGN_STYLE = Automatic;
				DEVELOPMENT_TEAM = J7S5F5P6TC;
				INFOPLIST_FILE = MiniMenu/Info.plist;
				IPHONEOS_DEPLOYMENT_TARGET = 10.0;
				LD_RUNPATH_SEARCH_PATHS = (
					"$(inherited)",
					"@executable_path/Frameworks",
				);
				PRODUCT_BUNDLE_IDENTIFIER = com.task.MiniMenu;
				PRODUCT_NAME = "$(TARGET_NAME)";
				SWIFT_VERSION = 5.0;
				TARGETED_DEVICE_FAMILY = 1;
			};
			name = Release;
		};
/* End XCBuildConfiguration section */

/* Begin XCConfigurationList section */
		020D851E236A0F1B00094864 /* Build configuration list for PBXProject "MiniMenu" */ = {
			isa = XCConfigurationList;
			buildConfigurations = (
				020D8535236A0F1D00094864 /* Debug */,
				020D8536236A0F1D00094864 /* Release */,
			);
			defaultConfigurationIsVisible = 0;
			defaultConfigurationName = Release;
		};
		020D8537236A0F1D00094864 /* Build configuration list for PBXNativeTarget "MiniMenu" */ = {
			isa = XCConfigurationList;
			buildConfigurations = (
				020D8538236A0F1D00094864 /* Debug */,
				020D8539236A0F1D00094864 /* Release */,
			);
			defaultConfigurationIsVisible = 0;
			defaultConfigurationName = Release;
		};
/* End XCConfigurationList section */
	};
	rootObject = 020D851B236A0F1B00094864 /* Project object */;
}
